{
    "name": "irish-rail-ui",
    "lockfileVersion": 3,
    "requires": true,
    "packages": {
        "": {
            "dependencies": {
                "@fast-csv/format": "^5.0.5",
                "sax": "^1.4.1",
                "yocto-spinner": "^1.0.0"
            },
            "devDependencies": {
                "@types/sax": "^1.2.7"
            }
        },
        "node_modules/@fast-csv/format": {
            "version": "5.0.5",
            "resolved": "https://registry.npmjs.org/@fast-csv/format/-/format-5.0.5.tgz",
            "integrity": "sha512-0P9SJXXnqKdmuWlLaTelqbrfdgN37Mvrb369J6eNmqL41IEIZQmV4sNM4GgAK2Dz3aH04J0HKGDMJFkYObThTw==",
            "license": "MIT",
            "dependencies": {
                "lodash.escaperegexp": "^4.1.2",
                "lodash.isboolean": "^3.0.3",
                "lodash.isfunction": "^3.0.9",
                "lodash.isnil": "^4.0.0"
            }
        },
        "node_modules/@types/node": {
            "version": "24.5.2",
            "resolved": "https://registry.npmjs.org/@types/node/-/node-24.5.2.tgz",
            "integrity": "sha512-FYxk1I7wPv3K2XBaoyH2cTnocQEu8AOZ60hPbsyukMPLv5/5qr7V1i8PLHdl6Zf87I+xZXFvPCXYjiTFq+YSDQ==",
            "dev": true,
            "license": "MIT",
            "dependencies": {
                "undici-types": "~7.12.0"
            }
        },
        "node_modules/@types/sax": {
            "version": "1.2.7",
            "resolved": "https://registry.npmjs.org/@types/sax/-/sax-1.2.7.tgz",
            "integrity": "sha512-rO73L89PJxeYM3s3pPPjiPgVVcymqU490g0YO5n5By0k2Erzj6tay/4lr1CHAAU4JyOWd1rpQ8bCf6cZfHU96A==",
            "dev": true,
            "license": "MIT",
            "dependencies": {
                "@types/node": "*"
            }
        },
        "node_modules/lodash.escaperegexp": {
            "version": "4.1.2",
            "resolved": "https://registry.npmjs.org/lodash.escaperegexp/-/lodash.escaperegexp-4.1.2.tgz",
            "integrity": "sha512-TM9YBvyC84ZxE3rgfefxUWiQKLilstD6k7PTGt6wfbtXF8ixIJLOL3VYyV/z+ZiPLsVxAsKAFVwWlWeb2Y8Yyw==",
            "license": "MIT"
        },
        "node_modules/lodash.isboolean": {
            "version": "3.0.3",
            "resolved": "https://registry.npmjs.org/lodash.isboolean/-/lodash.isboolean-3.0.3.tgz",
            "integrity": "sha512-Bz5mupy2SVbPHURB98VAcw+aHh4vRV5IPNhILUCsOzRmsTmSQ17jIuqopAentWoehktxGd9e/hbIXq980/1QJg==",
            "license": "MIT"
        },
        "node_modules/lodash.isfunction": {
            "version": "3.0.9",
            "resolved": "https://registry.npmjs.org/lodash.isfunction/-/lodash.isfunction-3.0.9.tgz",
            "integrity": "sha512-AirXNj15uRIMMPihnkInB4i3NHeb4iBtNg9WRWuK2o31S+ePwwNmDPaTL3o7dTJ+VXNZim7rFs4rxN4YU1oUJw==",
            "license": "MIT"
        },
        "node_modules/lodash.isnil": {
            "version": "4.0.0",
            "resolved": "https://registry.npmjs.org/lodash.isnil/-/lodash.isnil-4.0.0.tgz",
            "integrity": "sha512-up2Mzq3545mwVnMhTDMdfoG1OurpA/s5t88JmQX809eH3C8491iu2sfKhTfhQtKY78oPNhiaHJUpT/dUDAAtng==",
            "license": "MIT"
        },
        "node_modules/sax": {
            "version": "1.4.1",
            "resolved": "https://registry.npmjs.org/sax/-/sax-1.4.1.tgz",
            "integrity": "sha512-+aWOz7yVScEGoKNd4PA10LZ8sk0A/z5+nXQG5giUO5rprX9jgYsTdov9qCchZiPIZezbZH+jRut8nPodFAX4Jg==",
            "license": "ISC"
        },
        "node_modules/undici-types": {
            "version": "7.12.0",
            "resolved": "https://registry.npmjs.org/undici-types/-/undici-types-7.12.0.tgz",
            "integrity": "sha512-goOacqME2GYyOZZfb5Lgtu+1IDmAlAEu5xnD3+xTzS10hT0vzpf0SPjkXwAw9Jm+4n/mQGDP3LO8CPbYROeBfQ==",
            "dev": true,
            "license": "MIT"
        },
        "node_modules/yocto-spinner": {
            "version": "1.0.0",
            "resolved": "https://registry.npmjs.org/yocto-spinner/-/yocto-spinner-1.0.0.tgz",
            "integrity": "sha512-VPX8P/+Z2Fnpx8PC/JELbxp3QRrBxjAekio6yulGtA5gKt9YyRc5ycCb+NHgZCbZ0kx9KxwZp7gC6UlrCcCdSQ==",
            "license": "MIT",
            "dependencies": {
                "yoctocolors": "^2.1.1"
            },
            "engines": {
                "node": ">=18.19"
            },
            "funding": {
                "url": "https://github.com/sponsors/sindresorhus"
            }
        },
        "node_modules/yoctocolors": {
            "version": "2.1.2",
            "resolved": "https://registry.npmjs.org/yoctocolors/-/yoctocolors-2.1.2.tgz",
            "integrity": "sha512-CzhO+pFNo8ajLM2d2IW/R93ipy99LWjtwblvC1RsoSUMZgyLbYFr221TnSNT7GjGdYui6P459mw9JH/g/zW2ug==",
            "license": "MIT",
            "engines": {
                "node": ">=18"
            },
            "funding": {
                "url": "https://github.com/sponsors/sindresorhus"
            }
        }
    }
}
